{
  "name": "bet-center",
  "version": "1.0.0",
  "lockfileVersion": 1,
  "requires": true,
  "dependencies": {
    "truffle-js-test-helper": {
      "version": "1.0.1",
      "resolved": "https://registry.npmjs.org/truffle-js-test-helper/-/truffle-js-test-helper-1.0.1.tgz",
      "integrity": "sha512-TsOi+oHEfbx81wFdMFq7ebO9ZN3M4SRrT9Jswk+CDDDryIfqLFRVcMjB5hQV7hRx5NWqbiFyjkZcuQoF9wXMXA==",
      "dev": true
    }
  }
}
