{
  "name": "bet-center",
  "version": "1.0.0",
  "lockfileVersion": 1,
  "requires": true,
  "dependencies": {
    "truffle-js-test-helper": {
      "version": "1.0.1",
      "resolved": "https://registry.npmjs.org/truffle-js-test-helper/-/truffle-js-test-helper-1.0.1.tgz",
      "integrity": "sha512-TsOi+oHEfbx81wFdMFq7ebO9ZN3M4SRrT9Jswk+CDDDryIfqLFRVcMjB5hQV7hRx5NWqbiFyjkZcuQoF9wXMXA==",
      "dev": true
    },
    "zeppelin-solidity": {
      "version": "1.9.0",
      "resolved": "https://registry.npmjs.org/zeppelin-solidity/-/zeppelin-solidity-1.9.0.tgz",
      "integrity": "sha512-pdyPVyjDq7cNqqLps9juDNDkKCa6hSafEm8KyzPw+gNYTiDyG1H4sYVFuBGp03iqxlGhsacrstbps5/AHTxBUg=="
    }
  }
}
